<?xml version="1.0" encoding="UTF-8"?>
<Scheme
   LastUpgradeVersion = "2640"
   version = "1.7">
   <BuildAction
      parallelizeBuildables = "YES"
      buildImplicitDependencies = "YES">
      <PreActions>
         <ExecutionAction
            ActionType = "Xcode.IDEStandardExecutionActionsCore.ExecutionActionType.ShellScriptAction">
            <ActionContent
               title = "GenerateLocalizations"
               scriptText = "/usr/bin/env -i HOME=&quot;$HOME&quot; PATH=&quot;/usr/bin:/bin:/usr/sbin:/sbin&quot; /usr/bin/swift &quot;$SRCROOT/Packages/SingleCalendarFeature/Sources/GenerateLocalization/main.swift&quot; &quot;$SRCROOT/Packages/SingleCalendarFeature/Sources/SingleCalendarFeature/Resources/pcScfLocalisation.xcstrings&quot;"
               shellToInvoke = "/bin/bash">
               <EnvironmentBuildable>
                  <BuildableReference
                     BuildableIdentifier = "primary"
                     BlueprintIdentifier = "D7B935782FA90E7A00E5A62D"
                     BuildableName = "PinCalApp.app"
                     BlueprintName = "PinCalApp"
                     ReferencedContainer = "container:PinCalApp.xcodeproj">
                  </BuildableReference>
               </EnvironmentBuildable>
            </ActionContent>
         </ExecutionAction>
      </PreActions>
      <BuildActionEntries>
         <BuildActionEntry
            buildForTesting = "YES"
            buildForRunning = "YES"
            buildForProfiling = "YES"
            buildForArchiving = "YES"
            buildForAnalyzing = "YES">
            <BuildableReference
               BuildableIdentifier = "primary"
               BlueprintIdentifier = "D7B935782FA90E7A00E5A62D"
               BuildableName = "PinCalApp.app"
               BlueprintName = "PinCalApp"
               ReferencedContainer = "container:PinCalApp.xcodeproj">
            </BuildableReference>
         </BuildActionEntry>
      </BuildActionEntries>
   </BuildAction>
   <TestAction
      buildConfiguration = "Debug"
      selectedDebuggerIdentifier = "Xcode.DebuggerFoundation.Debugger.LLDB"
      selectedLauncherIdentifier = "Xcode.DebuggerFoundation.Launcher.LLDB"
      shouldUseLaunchSchemeArgsEnv = "YES">
      <TestPlans>
         <TestPlanReference
            reference = "container:PinCalApp.xctestplan"
            default = "YES">
         </TestPlanReference>
      </TestPlans>
      <Testables>
         <TestableReference
            skipped = "NO"
            parallelizable = "NO">
            <BuildableReference
               BuildableIdentifier = "primary"
               BlueprintIdentifier = "D7B935852FA90E7C00E5A62D"
               BuildableName = "PinCalAppTests.xctest"
               BlueprintName = "PinCalAppTests"
               ReferencedContainer = "container:PinCalApp.xcodeproj">
            </BuildableReference>
         </TestableReference>
         <TestableReference
            skipped = "NO">
            <BuildableReference
               BuildableIdentifier = "primary"
               BlueprintIdentifier = "D7B9358F2FA90E7C00E5A62D"
               BuildableName = "PinCalAppUITests.xctest"
               BlueprintName = "PinCalAppUITests"
               ReferencedContainer = "container:PinCalApp.xcodeproj">
            </BuildableReference>
         </TestableReference>
      </Testables>
   </TestAction>
   <LaunchAction
      buildConfiguration = "Debug"
      selectedDebuggerIdentifier = "Xcode.DebuggerFoundation.Debugger.LLDB"
      selectedLauncherIdentifier = "Xcode.DebuggerFoundation.Launcher.LLDB"
      launchStyle = "0"
      useCustomWorkingDirectory = "NO"
      ignoresPersistentStateOnLaunch = "NO"
      debugDocumentVersioning = "YES"
      debugServiceExtension = "internal"
      allowLocationSimulation = "YES">
      <BuildableProductRunnable
         runnableDebuggingMode = "0">
         <BuildableReference
            BuildableIdentifier = "primary"
            BlueprintIdentifier = "D7B935782FA90E7A00E5A62D"
            BuildableName = "PinCalApp.app"
            BlueprintName = "PinCalApp"
            ReferencedContainer = "container:PinCalApp.xcodeproj">
         </BuildableReference>
      </BuildableProductRunnable>
   </LaunchAction>
   <ProfileAction
      buildConfiguration = "Release"
      shouldUseLaunchSchemeArgsEnv = "YES"
      savedToolIdentifier = ""
      useCustomWorkingDirectory = "NO"
      debugDocumentVersioning = "YES">
      <BuildableProductRunnable
         runnableDebuggingMode = "0">
         <BuildableReference
            BuildableIdentifier = "primary"
            BlueprintIdentifier = "D7B935782FA90E7A00E5A62D"
            BuildableName = "PinCalApp.app"
            BlueprintName = "PinCalApp"
            ReferencedContainer = "container:PinCalApp.xcodeproj">
         </BuildableReference>
      </BuildableProductRunnable>
   </ProfileAction>
   <AnalyzeAction
      buildConfiguration = "Debug">
   </AnalyzeAction>
   <ArchiveAction
      buildConfiguration = "Release"
      revealArchiveInOrganizer = "YES">
   </ArchiveAction>
</Scheme>
